// !$*UTF8*$!
{
	archiveVersion = 1;
	classes = {
	};
	objectVersion = 50;
	objects = {

/* Begin PBXBuildFile section */
		38D75CE22111563A00EA483A /* AppDelegate.swift in Sources */ = {isa = PBXBuildFile; fileRef = 38D75CE12111563A00EA483A /* AppDelegate.swift */; };
		38D75CE42111563A00EA483A /* ViewController.swift in Sources */ = {isa = PBXBuildFile; fileRef = 38D75CE32111563A00EA483A /* ViewController.swift */; };
		38D75CE72111563A00EA483A /* Main.storyboard in Resources */ = {isa = PBXBuildFile; fileRef = 38D75CE52111563A00EA483A /* Main.storyboard */; };
		38D75CE92111563C00EA483A /* Assets.xcassets in Resources */ = {isa = PBXBuildFile; fileRef = 38D75CE82111563C00EA483A /* Assets.xcassets */; };
		38D75CEC2111563C00EA483A /* LaunchScreen.storyboard in Resources */ = {isa = PBXBuildFile; fileRef = 38D75CEA2111563C00EA483A /* LaunchScreen.storyboard */; };
		38D75CF4211157AF00EA483A /* Thesaurus.swift in Sources */ = {isa = PBXBuildFile; fileRef = 38D75CF3211157AF00EA483A /* Thesaurus.swift */; };
/* End PBXBuildFile section */

/* Begin PBXFileReference section */
		38D75CDE2111563A00EA483A /* Thesaurus.app */ = {isa = PBXFileReference; explicitFileType = wrapper.application; includeInIndex = 0; path = Thesaurus.app; sourceTree = BUILT_PRODUCTS_DIR; };
		38D75CE12111563A00EA483A /* AppDelegate.swift */ = {isa = PBXFileReference; lastKnownFileType = sourcecode.swift; path = AppDelegate.swift; sourceTree = "<group>"; };
		38D75CE32111563A00EA483A /* ViewController.swift */ = {isa = PBXFileReference; lastKnownFileType = sourcecode.swift; path = ViewController.swift; sourceTree = "<group>"; };
		38D75CE62111563A00EA483A /* Base */ = {isa = PBXFileReference; lastKnownFileType = file.storyboard; name = Base; path = Base.lproj/Main.storyboard; sourceTree = "<group>"; };
		38D75CE82111563C00EA483A /* Assets.xcassets */ = {isa = PBXFileReference; lastKnownFileType = folder.assetcatalog; path = Assets.xcassets; sourceTree = "<group>"; };
		38D75CEB2111563C00EA483A /* Base */ = {isa = PBXFileReference; lastKnownFileType = file.storyboard; name = Base; path = Base.lproj/LaunchScreen.storyboard; sourceTree = "<group>"; };
		38D75CED2111563C00EA483A /* Info.plist */ = {isa = PBXFileReference; lastKnownFileType = text.plist.xml; path = Info.plist; sourceTree = "<group>"; };
		38D75CF3211157AF00EA483A /* Thesaurus.swift */ = {isa = PBXFileReference; lastKnownFileType = sourcecode.swift; path = Thesaurus.swift; sourceTree = "<group>"; };
/* End PBXFileReference section */

/* Begin PBXFrameworksBuildPhase section */
		38D75CDB2111563A00EA483A /* Frameworks */ = {
			isa = PBXFrameworksBuildPhase;
			buildActionMask = 2147483647;
			files = (
			);
			runOnlyForDeploymentPostprocessing = 0;
		};
/* End PBXFrameworksBuildPhase section */

/* Begin PBXGroup section */
		38D75CD52111563A00EA483A = {
			isa = PBXGroup;
			children = (
				38D75CE02111563A00EA483A /* Thesaurus */,
				38D75CDF2111563A00EA483A /* Products */,
			);
			sourceTree = "<group>";
		};
		38D75CDF2111563A00EA483A /* Products */ = {
			isa = PBXGroup;
			children = (
				38D75CDE2111563A00EA483A /* Thesaurus.app */,
			);
			name = Products;
			sourceTree = "<group>";
		};
		38D75CE02111563A00EA483A /* Thesaurus */ = {
			isa = PBXGroup;
			children = (
				38D75CE12111563A00EA483A /* AppDelegate.swift */,
				38D75CE32111563A00EA483A /* ViewController.swift */,
				38D75CE52111563A00EA483A /* Main.storyboard */,
				38D75CF3211157AF00EA483A /* Thesaurus.swift */,
				38D75CE82111563C00EA483A /* Assets.xcassets */,
				38D75CEA2111563C00EA483A /* LaunchScreen.storyboard */,
				38D75CED2111563C00EA483A /* Info.plist */,
			);
			path = Thesaurus;
			sourceTree = "<group>";
		};
/* End PBXGroup section */

/* Begin PBXNativeTarget section */
		38D75CDD2111563A00EA483A /* Thesaurus */ = {
			isa = PBXNativeTarget;
			buildConfigurationList = 38D75CF02111563C00EA483A /* Build configuration list for PBXNativeTarget "Thesaurus" */;
			buildPhases = (
				38D75CDA2111563A00EA483A /* Sources */,
				38D75CDB2111563A00EA483A /* Frameworks */,
				38D75CDC2111563A00EA483A /* Resources */,
			);
			buildRules = (
			);
			dependencies = (
			);
			name = Thesaurus;
			productName = Thesaurus;
			productReference = 38D75CDE2111563A00EA483A /* Thesaurus.app */;
			productType = "com.apple.product-type.application";
		};
/* End PBXNativeTarget section */

/* Begin PBXProject section */
		38D75CD62111563A00EA483A /* Project object */ = {
			isa = PBXProject;
			attributes = {
				LastSwiftUpdateCheck = 0940;
				LastUpgradeCheck = 0940;
				ORGANIZATIONNAME = "Johnny Hicks";
				TargetAttributes = {
					38D75CDD2111563A00EA483A = {
						CreatedOnToolsVersion = 9.4.1;
					};
				};
			};
			buildConfigurationList = 38D75CD92111563A00EA483A /* Build configuration list for PBXProject "Thesaurus" */;
			compatibilityVersion = "Xcode 9.3";
			developmentRegion = en;
			hasScannedForEncodings = 0;
			knownRegions = (
				en,
				Base,
			);
			mainGroup = 38D75CD52111563A00EA483A;
			productRefGroup = 38D75CDF2111563A00EA483A /* Products */;
			projectDirPath = "";
			projectRoot = "";
			targets = (
				38D75CDD2111563A00EA483A /* Thesaurus */,
			);
		};
/* End PBXProject section */

/* Begin PBXResourcesBuildPhase section */
		38D75CDC2111563A00EA483A /* Resources */ = {
			isa = PBXResourcesBuildPhase;
			buildActionMask = 2147483647;
			files = (
				38D75CEC2111563C00EA483A /* LaunchScreen.storyboard in Resources */,
				38D75CE92111563C00EA483A /* Assets.xcassets in Resources */,
				38D75CE72111563A00EA483A /* Main.storyboard in Resources */,
			);
			runOnlyForDeploymentPostprocessing = 0;
		};
/* End PBXResourcesBuildPhase section */

/* Begin PBXSourcesBuildPhase section */
		38D75CDA2111563A00EA483A /* Sources */ = {
			isa = PBXSourcesBuildPhase;
			buildActionMask = 2147483647;
			files = (
				38D75CE42111563A00EA483A /* ViewController.swift in Sources */,
				38D75CE22111563A00EA483A /* AppDelegate.swift in Sources */,
				38D75CF4211157AF00EA483A /* Thesaurus.swift in Sources */,
			);
			runOnlyForDeploymentPostprocessing = 0;
		};
/* End PBXSourcesBuildPhase section */

/* Begin PBXVariantGroup section */
		38D75CE52111563A00EA483A /* Main.storyboard */ = {
			isa = PBXVariantGroup;
			children = (
				38D75CE62111563A00EA483A /* Base */,
			);
			name = Main.storyboard;
			sourceTree = "<group>";
		};
		38D75CEA2111563C00EA483A /* LaunchScreen.storyboard */ = {
			isa = PBXVariantGroup;
			children = (
				38D75CEB2111563C00EA483A /* Base */,
			);
			name = LaunchScreen.storyboard;
			sourceTree = "<group>";
		};
/* End PBXVariantGroup section */

/* Begin XCBuildConfiguration section */
		38D75CEE2111563C00EA483A /* Debug */ = {
			isa = XCBuildConfiguration;
			buildSettings = {
				ALWAYS_SEARCH_USER_PATHS = NO;
				CLANG_ANALYZER_NONNULL = YES;
				CLANG_ANALYZER_NUMBER_OBJECT_CONVERSION = YES_AGGRESSIVE;
				CLANG_CXX_LANGUAGE_STANDARD = "gnu++14";
				CLANG_CXX_LIBRARY = "libc++";
				CLANG_ENABLE_MODULES = YES;
				CLANG_ENABLE_OBJC_ARC = YES;
				CLANG_ENABLE_OBJC_WEAK = YES;
				CLANG_WARN_BLOCK_CAPTURE_AUTORELEASING = YES;
				CLANG_WARN_BOOL_CONVERSION = YES;
				CLANG_WARN_COMMA = YES;
				CLANG_WARN_CONSTANT_CONVERSION = YES;
				CLANG_WARN_DEPRECATED_OBJC_IMPLEMENTATIONS = YES;
				CLANG_WARN_DIRECT_OBJC_ISA_USAGE = YES_ERROR;
				CLANG_WARN_DOCUMENTATION_COMMENTS = YES;
				CLANG_WARN_EMPTY_BODY = YES;
				CLANG_WARN_ENUM_CONVERSION = YES;
				CLANG_WARN_INFINITE_RECURSION = YES;
				CLANG_WARN_INT_CONVERSION = YES;
				CLANG_WARN_NON_LITERAL_NULL_CONVERSION = YES;
				CLANG_WARN_OBJC_IMPLICIT_RETAIN_SELF = YES;
				CLANG_WARN_OBJC_LITERAL_CONVERSION = YES;
				CLANG_WARN_OBJC_ROOT_CLASS = YES_ERROR;
				CLANG_WARN_RANGE_LOOP_ANALYSIS = YES;
				CLANG_WARN_STRICT_PROTOTYPES = YES;
				CLANG_WARN_SUSPICIOUS_MOVE = YES;
				CLANG_WARN_UNGUARDED_AVAILABILITY = YES_AGGRESSIVE;
				CLANG_WARN_UNREACHABLE_CODE = YES;
				CLANG_WARN__DUPLICATE_METHOD_MATCH = YES;
				CODE_SIGN_IDENTITY = "iPhone Developer";
				COPY_PHASE_STRIP = NO;
				DEBUG_INFORMATION_FORMAT = dwarf;
				ENABLE_STRICT_OBJC_MSGSEND = YES;
				ENABLE_TESTABILITY = YES;
				GCC_C_LANGUAGE_STANDARD = gnu11;
				GCC_DYNAMIC_NO_PIC = NO;
				GCC_NO_COMMON_BLOCKS = YES;
				GCC_OPTIMIZATION_LEVEL = 0;
				GCC_PREPROCESSOR_DEFINITIONS = (
					"DEBUG=1",
					"$(inherited)",
				);
				GCC_WARN_64_TO_32_BIT_CONVERSION = YES;
				GCC_WARN_ABOUT_RETURN_TYPE = YES_ERROR;
				GCC_WARN_UNDECLARED_SELECTOR = YES;
				GCC_WARN_UNINITIALIZED_AUTOS = YES_AGGRESSIVE;
				GCC_WARN_UNUSED_FUNCTION = YES;
				GCC_WARN_UNUSED_VARIABLE = YES;
				IPHONEOS_DEPLOYMENT_TARGET = 11.4;
				MTL_ENABLE_DEBUG_INFO = YES;
				ONLY_ACTIVE_ARCH = YES;
				SDKROOT = iphoneos;
				SWIFT_ACTIVE_COMPILATION_CONDITIONS = DEBUG;
				SWIFT_OPTIMIZATION_LEVEL = "-Onone";
			};
			name = Debug;
		};
		38D75CEF2111563C00EA483A /* Release */ = {
			isa = XCBuildConfiguration;
			buildSettings = {
				ALWAYS_SEARCH_USER_PATHS = NO;
				CLANG_ANALYZER_NONNULL = YES;
				CLANG_ANALYZER_NUMBER_OBJECT_CONVERSION = YES_AGGRESSIVE;
				CLANG_CXX_LANGUAGE_STANDARD = "gnu++14";
				CLANG_CXX_LIBRARY = "libc++";
				CLANG_ENABLE_MODULES = YES;
				CLANG_ENABLE_OBJC_ARC = YES;
				CLANG_ENABLE_OBJC_WEAK = YES;
				CLANG_WARN_BLOCK_CAPTURE_AUTORELEASING = YES;
				CLANG_WARN_BOOL_CONVERSION = YES;
				CLANG_WARN_COMMA = YES;
				CLANG_WARN_CONSTANT_CONVERSION = YES;
				CLANG_WARN_DEPRECATED_OBJC_IMPLEMENTATIONS = YES;
				CLANG_WARN_DIRECT_OBJC_ISA_USAGE = YES_ERROR;
				CLANG_WARN_DOCUMENTATION_COMMENTS = YES;
				CLANG_WARN_EMPTY_BODY = YES;
				CLANG_WARN_ENUM_CONVERSION = YES;
				CLANG_WARN_INFINITE_RECURSION = YES;
				CLANG_WARN_INT_CONVERSION = YES;
				CLANG_WARN_NON_LITERAL_NULL_CONVERSION = YES;
				CLANG_WARN_OBJC_IMPLICIT_RETAIN_SELF = YES;
				CLANG_WARN_OBJC_LITERAL_CONVERSION = YES;
				CLANG_WARN_OBJC_ROOT_CLASS = YES_ERROR;
				CLANG_WARN_RANGE_LOOP_ANALYSIS = YES;
				CLANG_WARN_STRICT_PROTOTYPES = YES;
				CLANG_WARN_SUSPICIOUS_MOVE = YES;
				CLANG_WARN_UNGUARDED_AVAILABILITY = YES_AGGRESSIVE;
				CLANG_WARN_UNREACHABLE_CODE = YES;
				CLANG_WARN__DUPLICATE_METHOD_MATCH = YES;
				CODE_SIGN_IDENTITY = "iPhone Developer";
				COPY_PHASE_STRIP = NO;
				DEBUG_INFORMATION_FORMAT = "dwarf-with-dsym";
				ENABLE_NS_ASSERTIONS = NO;
				ENABLE_STRICT_OBJC_MSGSEND = YES;
				GCC_C_LANGUAGE_STANDARD = gnu11;
				GCC_NO_COMMON_BLOCKS = YES;
				GCC_WARN_64_TO_32_BIT_CONVERSION = YES;
				GCC_WARN_ABOUT_RETURN_TYPE = YES_ERROR;
				GCC_WARN_UNDECLARED_SELECTOR = YES;
				GCC_WARN_UNINITIALIZED_AUTOS = YES_AGGRESSIVE;
				GCC_WARN_UNUSED_FUNCTION = YES;
				GCC_WARN_UNUSED_VARIABLE = YES;
				IPHONEOS_DEPLOYMENT_TARGET = 11.4;
				MTL_ENABLE_DEBUG_INFO = NO;
				SDKROOT = iphoneos;
				SWIFT_COMPILATION_MODE = wholemodule;
				SWIFT_OPTIMIZATION_LEVEL = "-O";
				VALIDATE_PRODUCT = YES;
			};
			name = Release;
		};
		38D75CF12111563C00EA483A /* Debug */ = {
			isa = XCBuildConfiguration;
			buildSettings = {
				ASSETCATALOG_COMPILER_APPICON_NAME = AppIcon;
				CODE_SIGN_STYLE = Automatic;
				DEVELOPMENT_TEAM = VXUQXR6S56;
				INFOPLIST_FILE = Thesaurus/Info.plist;
				LD_RUNPATH_SEARCH_PATHS = (
					"$(inherited)",
					"@executable_path/Frameworks",
				);
				PRODUCT_BUNDLE_IDENTIFIER = com.johnhicks.Thesaurus;
				PRODUCT_NAME = "$(TARGET_NAME)";
				SWIFT_VERSION = 4.0;
				TARGETED_DEVICE_FAMILY = "1,2";
			};
			name = Debug;
		};
		38D75CF22111563C00EA483A /* Release */ = {
			isa = XCBuildConfiguration;
			buildSettings = {
				ASSETCATALOG_COMPILER_APPICON_NAME = AppIcon;
				CODE_SIGN_STYLE = Automatic;
				DEVELOPMENT_TEAM = VXUQXR6S56;
				INFOPLIST_FILE = Thesaurus/Info.plist;
				LD_RUNPATH_SEARCH_PATHS = (
					"$(inherited)",
					"@executable_path/Frameworks",
				);
				PRODUCT_BUNDLE_IDENTIFIER = com.johnhicks.Thesaurus;
				PRODUCT_NAME = "$(TARGET_NAME)";
				SWIFT_VERSION = 4.0;
				TARGETED_DEVICE_FAMILY = "1,2";
			};
			name = Release;
		};
/* End XCBuildConfiguration section */

/* Begin XCConfigurationList section */
		38D75CD92111563A00EA483A /* Build configuration list for PBXProject "Thesaurus" */ = {
			isa = XCConfigurationList;
			buildConfigurations = (
				38D75CEE2111563C00EA483A /* Debug */,
				38D75CEF2111563C00EA483A /* Release */,
			);
			defaultConfigurationIsVisible = 0;
			defaultConfigurationName = Release;
		};
		38D75CF02111563C00EA483A /* Build configuration list for PBXNativeTarget "Thesaurus" */ = {
			isa = XCConfigurationList;
			buildConfigurations = (
				38D75CF12111563C00EA483A /* Debug */,
				38D75CF22111563C00EA483A /* Release */,
			);
			defaultConfigurationIsVisible = 0;
			defaultConfigurationName = Release;
		};
/* End XCConfigurationList section */
	};
	rootObject = 38D75CD62111563A00EA483A /* Project object */;
}
